
Microsoft Visual Studio Solution File, Format Version 12.00
# Visual Studio 15
Project("{FAE04EC0-301F-11D3-BF4B-00C04F79EFBC}") = "Assembly-CSharp", "Assembly-CSharp.csproj", "{8B53BC6F-6136-E67D-F473-94407E6ED337}"
EndProject
Project("{FAE04EC0-301F-11D3-BF4B-00C04F79EFBC}") = "DOTween.Modules", "DOTween.Modules.csproj", "{44CEFD5F-392D-DB53-E0E9-86D30455C779}"
EndProject
Global
	GlobalSection(SolutionConfigurationPlatforms) = preSolution
		Debug|Any CPU = Debug|Any CPU
		Release|Any CPU = Release|Any CPU
	EndGlobalSection
	GlobalSection(ProjectConfigurationPlatforms) = postSolution
		{8B53BC6F-6136-E67D-F473-94407E6ED337}.Debug|Any CPU.ActiveCfg = Debug|Any CPU
		{8B53BC6F-6136-E67D-F473-94407E6ED337}.Debug|Any CPU.Build.0 = Debug|Any CPU
		{8B53BC6F-6136-E67D-F473-94407E6ED337}.Release|Any CPU.ActiveCfg = Release|Any CPU
		{8B53BC6F-6136-E67D-F473-94407E6ED337}.Release|Any CPU.Build.0 = Release|Any CPU
		{44CEFD5F-392D-DB53-E0E9-86D30455C779}.Debug|Any CPU.ActiveCfg = Debug|Any CPU
		{44CEFD5F-392D-DB53-E0E9-86D30455C779}.Debug|Any CPU.Build.0 = Debug|Any CPU
		{44CEFD5F-392D-DB53-E0E9-86D30455C779}.Release|Any CPU.ActiveCfg = Release|Any CPU
		{44CEFD5F-392D-DB53-E0E9-86D30455C779}.Release|Any CPU.Build.0 = Release|Any CPU
	EndGlobalSection
	GlobalSection(SolutionProperties) = preSolution
		HideSolutionNode = FALSE
	EndGlobalSection
EndGlobal
